
Microsoft Visual Studio Solution File, Format Version 12.00
# Visual Studio Version 17
VisualStudioVersion = 17.11.34929.205
MinimumVisualStudioVersion = 10.0.40219.1
Project("{FAE04EC0-301F-11D3-BF4B-00C04F79EFBC}") = "Frontend_Design", "Frontend_Design.csproj", "{09113047-C9E4-4E73-B8C3-FFC6BB3DEF26}"
EndProject
Global
	GlobalSection(SolutionConfigurationPlatforms) = preSolution
		Debug|Any CPU = Debug|Any CPU
		Release|Any CPU = Release|Any CPU
	EndGlobalSection
	GlobalSection(ProjectConfigurationPlatforms) = postSolution
		{09113047-C9E4-4E73-B8C3-FFC6BB3DEF26}.Debug|Any CPU.ActiveCfg = Debug|Any CPU
		{09113047-C9E4-4E73-B8C3-FFC6BB3DEF26}.Debug|Any CPU.Build.0 = Debug|Any CPU
		{09113047-C9E4-4E73-B8C3-FFC6BB3DEF26}.Release|Any CPU.ActiveCfg = Release|Any CPU
		{09113047-C9E4-4E73-B8C3-FFC6BB3DEF26}.Release|Any CPU.Build.0 = Release|Any CPU
	EndGlobalSection
	GlobalSection(SolutionProperties) = preSolution
		HideSolutionNode = FALSE
	EndGlobalSection
	GlobalSection(ExtensibilityGlobals) = postSolution
		SolutionGuid = {2632B31E-D649-47AA-AAA0-DF03DB079A7C}
	EndGlobalSection
EndGlobal
